
Microsoft Visual Studio Solution File, Format Version 12.00
# Visual Studio 15
VisualStudioVersion = 15.0.27130.2010
MinimumVisualStudioVersion = 10.0.40219.1
Project("{FAE04EC0-301F-11D3-BF4B-00C04F79EFBC}") = "LTest.Runner", "LTest.Runner\LTest.Runner\LTest.Runner.csproj", "{47BED2B5-837D-47A3-B9E4-D8261BB270E2}"
EndProject
Project("{FAE04EC0-301F-11D3-BF4B-00C04F79EFBC}") = "LTest.Core", "LTest.Core\LTest.Core.csproj", "{4FA61223-548E-4EF1-ABC8-4BDF44B48253}"
EndProject
Project("{FAE04EC0-301F-11D3-BF4B-00C04F79EFBC}") = "LTest.Core.Tests", "LTest.Core.Tests\LTest.Core.Tests.csproj", "{56B7E071-FE07-402D-81E5-86CB89DC50B9}"
EndProject
Global
	GlobalSection(SolutionConfigurationPlatforms) = preSolution
		Debug|Any CPU = Debug|Any CPU
		Release|Any CPU = Release|Any CPU
	EndGlobalSection
	GlobalSection(ProjectConfigurationPlatforms) = postSolution
		{47BED2B5-837D-47A3-B9E4-D8261BB270E2}.Debug|Any CPU.ActiveCfg = Debug|Any CPU
		{47BED2B5-837D-47A3-B9E4-D8261BB270E2}.Debug|Any CPU.Build.0 = Debug|Any CPU
		{47BED2B5-837D-47A3-B9E4-D8261BB270E2}.Release|Any CPU.ActiveCfg = Release|Any CPU
		{47BED2B5-837D-47A3-B9E4-D8261BB270E2}.Release|Any CPU.Build.0 = Release|Any CPU
		{4FA61223-548E-4EF1-ABC8-4BDF44B48253}.Debug|Any CPU.ActiveCfg = Debug|Any CPU
		{4FA61223-548E-4EF1-ABC8-4BDF44B48253}.Debug|Any CPU.Build.0 = Debug|Any CPU
		{4FA61223-548E-4EF1-ABC8-4BDF44B48253}.Release|Any CPU.ActiveCfg = Release|Any CPU
		{4FA61223-548E-4EF1-ABC8-4BDF44B48253}.Release|Any CPU.Build.0 = Release|Any CPU
		{56B7E071-FE07-402D-81E5-86CB89DC50B9}.Debug|Any CPU.ActiveCfg = Debug|Any CPU
		{56B7E071-FE07-402D-81E5-86CB89DC50B9}.Debug|Any CPU.Build.0 = Debug|Any CPU
		{56B7E071-FE07-402D-81E5-86CB89DC50B9}.Release|Any CPU.ActiveCfg = Release|Any CPU
		{56B7E071-FE07-402D-81E5-86CB89DC50B9}.Release|Any CPU.Build.0 = Release|Any CPU
	EndGlobalSection
	GlobalSection(SolutionProperties) = preSolution
		HideSolutionNode = FALSE
	EndGlobalSection
	GlobalSection(ExtensibilityGlobals) = postSolution
		SolutionGuid = {1711004B-EB18-4F20-BB75-2D643D8A6572}
	EndGlobalSection
EndGlobal
